
Microsoft Visual Studio Solution File, Format Version 12.00
# Visual Studio Version 16
VisualStudioVersion = 16.0.30011.22
MinimumVisualStudioVersion = 10.0.40219.1
Project("{8BC9CEB8-8B4A-11D0-8D11-00A0C91BC942}") = "G2_DxLib_RPG", "G2_DxLib_RPG.vcxproj", "{B5706727-615A-4000-AE4D-5C3755872950}"
EndProject
Global
	GlobalSection(SolutionConfigurationPlatforms) = preSolution
		Debug|x64 = Debug|x64
		Debug|x86 = Debug|x86
		Release|x64 = Release|x64
		Release|x86 = Release|x86
	EndGlobalSection
	GlobalSection(ProjectConfigurationPlatforms) = postSolution
		{B5706727-615A-4000-AE4D-5C3755872950}.Debug|x64.ActiveCfg = Debug|x64
		{B5706727-615A-4000-AE4D-5C3755872950}.Debug|x64.Build.0 = Debug|x64
		{B5706727-615A-4000-AE4D-5C3755872950}.Debug|x86.ActiveCfg = Debug|x64
		{B5706727-615A-4000-AE4D-5C3755872950}.Debug|x86.Build.0 = Debug|x64
		{B5706727-615A-4000-AE4D-5C3755872950}.Release|x64.ActiveCfg = Debug|x64
		{B5706727-615A-4000-AE4D-5C3755872950}.Release|x64.Build.0 = Debug|x64
		{B5706727-615A-4000-AE4D-5C3755872950}.Release|x86.ActiveCfg = Debug|x64
		{B5706727-615A-4000-AE4D-5C3755872950}.Release|x86.Build.0 = Debug|x64
	EndGlobalSection
	GlobalSection(SolutionProperties) = preSolution
		HideSolutionNode = FALSE
	EndGlobalSection
	GlobalSection(ExtensibilityGlobals) = postSolution
		SolutionGuid = {AB95647E-5419-4176-A79B-74F84655925C}
	EndGlobalSection
EndGlobal
